{
  "nodes": {
    "chaotic": {
      "inputs": {
        "flake-schemas": "flake-schemas",
        "home-manager": "home-manager",
        "jovian": "jovian",
        "nixpkgs": "nixpkgs",
        "rust-overlay": "rust-overlay"
      },
      "locked": {
        "lastModified": 1752764457,
        "narHash": "sha256-1vE4SqVcS5eoALVPQHaOK1fxUYTKB8xYlPnkmp68NSQ=",
        "owner": "chaotic-cx",
        "repo": "nyx",
        "rev": "bf072abdae6fb8149dd7fdc715ca51e8e411e586",
        "type": "github"
      },
      "original": {
        "owner": "chaotic-cx",
        "ref": "nyxpkgs-unstable",
        "repo": "nyx",
        "type": "github"
      }
    },
    "cpu-microcodes": {
      "flake": false,
      "locked": {
        "lastModified": 1752098826,
        "narHash": "sha256-6U6OVkfn6cpXlIRtFhL3UMMxkjKRJRHh9NK9ARfJzIs=",
        "owner": "platomav",
        "repo": "CPUMicrocodes",
        "rev": "6e32567d4fc2d5c202521ec50be752d37998ca72",
        "type": "github"
      },
      "original": {
        "owner": "platomav",
        "repo": "CPUMicrocodes",
        "rev": "6e32567d4fc2d5c202521ec50be752d37998ca72",
        "type": "github"
      }
    },
    "disko": {
      "inputs": {
        "nixpkgs": [
          "nixpkgs"
        ]
      },
      "locked": {
        "lastModified": 1752718651,
        "narHash": "sha256-PkaR0qmyP9q/MDN3uYa+RLeBA0PjvEQiM0rTDDBXkL8=",
        "owner": "nix-community",
        "repo": "disko",
        "rev": "d5ad4485e6f2edcc06751df65c5e16572877db88",
        "type": "github"
      },
      "original": {
        "owner": "nix-community",
        "repo": "disko",
        "type": "github"
      }
    },
    "flake-parts": {
      "inputs": {
        "nixpkgs-lib": [
          "nix-citizen",
          "nixpkgs"
        ]
      },
      "locked": {
        "lastModified": 1751413152,
        "narHash": "sha256-Tyw1RjYEsp5scoigs1384gIg6e0GoBVjms4aXFfRssQ=",
        "owner": "hercules-ci",
        "repo": "flake-parts",
        "rev": "77826244401ea9de6e3bac47c2db46005e1f30b5",
        "type": "github"
      },
      "original": {
        "owner": "hercules-ci",
        "repo": "flake-parts",
        "type": "github"
      }
    },
    "flake-parts_2": {
      "inputs": {
        "nixpkgs-lib": "nixpkgs-lib"
      },
      "locked": {
        "lastModified": 1751413152,
        "narHash": "sha256-Tyw1RjYEsp5scoigs1384gIg6e0GoBVjms4aXFfRssQ=",
        "owner": "hercules-ci",
        "repo": "flake-parts",
        "rev": "77826244401ea9de6e3bac47c2db46005e1f30b5",
        "type": "github"
      },
      "original": {
        "owner": "hercules-ci",
        "repo": "flake-parts",
        "type": "github"
      }
    },
    "flake-parts_3": {
      "inputs": {
        "nixpkgs-lib": "nixpkgs-lib_2"
      },
      "locked": {
        "lastModified": 1738453229,
        "narHash": "sha256-7H9XgNiGLKN1G1CgRh0vUL4AheZSYzPm+zmZ7vxbJdo=",
        "owner": "hercules-ci",
        "repo": "flake-parts",
        "rev": "32ea77a06711b758da0ad9bd6a844c5740a87abd",
        "type": "github"
      },
      "original": {
        "owner": "hercules-ci",
        "repo": "flake-parts",
        "type": "github"
      }
    },
    "flake-schemas": {
      "locked": {
        "lastModified": 1721999734,
        "narHash": "sha256-G5CxYeJVm4lcEtaO87LKzOsVnWeTcHGKbKxNamNWgOw=",
        "rev": "0a5c42297d870156d9c57d8f99e476b738dcd982",
        "revCount": 75,
        "type": "tarball",
        "url": "https://api.flakehub.com/f/pinned/DeterminateSystems/flake-schemas/0.1.5/0190ef2f-61e0-794b-ba14-e82f225e55e6/source.tar.gz"
      },
      "original": {
        "type": "tarball",
        "url": "https://flakehub.com/f/DeterminateSystems/flake-schemas/%3D0.1.5.tar.gz"
      }
    },
    "flake-utils": {
      "inputs": {
        "systems": "systems_2"
      },
      "locked": {
        "lastModified": 1731533236,
        "narHash": "sha256-l0KFg5HjrsfsO/JpG+r7fRrqm12kzFHyUHqHCVpMMbI=",
        "owner": "numtide",
        "repo": "flake-utils",
        "rev": "11707dc2f618dd54ca8739b309ec4fc024de578b",
        "type": "github"
      },
      "original": {
        "owner": "numtide",
        "repo": "flake-utils",
        "type": "github"
      }
    },
    "home-manager": {
      "inputs": {
        "nixpkgs": [
          "chaotic",
          "nixpkgs"
        ]
      },
      "locked": {
        "lastModified": 1752402455,
        "narHash": "sha256-mCHfZhQKdTj2JhCFcqfOfa3uKZbwUkPQbd0/zPnhOE8=",
        "owner": "nix-community",
        "repo": "home-manager",
        "rev": "bf893ad4cbf46610dd1b620c974f824e266cd1df",
        "type": "github"
      },
      "original": {
        "owner": "nix-community",
        "repo": "home-manager",
        "type": "github"
      }
    },
    "home-manager_2": {
      "inputs": {
        "nixpkgs": [
          "nixpkgs"
        ]
      },
      "locked": {
        "lastModified": 1752603129,
        "narHash": "sha256-S+wmHhwNQ5Ru689L2Gu8n1OD6s9eU9n9mD827JNR+kw=",
        "owner": "nix-community",
        "repo": "home-manager",
        "rev": "e8c19a3cec2814c754f031ab3ae7316b64da085b",
        "type": "github"
      },
      "original": {
        "owner": "nix-community",
        "repo": "home-manager",
        "type": "github"
      }
    },
    "home-manager_3": {
      "inputs": {
        "nixpkgs": [
          "zen-browser",
          "nixpkgs"
        ]
      },
      "locked": {
        "lastModified": 1752603129,
        "narHash": "sha256-S+wmHhwNQ5Ru689L2Gu8n1OD6s9eU9n9mD827JNR+kw=",
        "owner": "nix-community",
        "repo": "home-manager",
        "rev": "e8c19a3cec2814c754f031ab3ae7316b64da085b",
        "type": "github"
      },
      "original": {
        "owner": "nix-community",
        "repo": "home-manager",
        "type": "github"
      }
    },
    "impermanence": {
      "locked": {
        "lastModified": 1737831083,
        "narHash": "sha256-LJggUHbpyeDvNagTUrdhe/pRVp4pnS6wVKALS782gRI=",
        "owner": "nix-community",
        "repo": "impermanence",
        "rev": "4b3e914cdf97a5b536a889e939fb2fd2b043a170",
        "type": "github"
      },
      "original": {
        "owner": "nix-community",
        "repo": "impermanence",
        "type": "github"
      }
    },
    "jovian": {
      "inputs": {
        "nix-github-actions": "nix-github-actions",
        "nixpkgs": [
          "chaotic",
          "nixpkgs"
        ]
      },
      "locked": {
        "lastModified": 1752340638,
        "narHash": "sha256-9+vBdRt/jg8fAll1VD3NXBibkRq9F8Wq/mW45I5jlvc=",
        "owner": "Jovian-Experiments",
        "repo": "Jovian-NixOS",
        "rev": "1129c951dcc2a269a12cb74d64bd64e44e724ecb",
        "type": "github"
      },
      "original": {
        "owner": "Jovian-Experiments",
        "repo": "Jovian-NixOS",
        "type": "github"
      }
    },
    "just-one-more-repo": {
      "inputs": {
        "nixpkgs": [
          "nixpkgs"
        ]
      },
      "locked": {
        "lastModified": 1752858430,
        "narHash": "sha256-MRxHzNNriUZW9WOu7gqFqpwkipapOmIWIbTbcZnOXyk=",
        "owner": "ProverbialPennance",
        "repo": "just-one-more-repo",
        "rev": "43430b3af5cdfe0c1e453765ffb380b086dddc43",
        "type": "github"
      },
      "original": {
        "owner": "ProverbialPennance",
        "repo": "just-one-more-repo",
        "type": "github"
      }
    },
    "nix-citizen": {
      "inputs": {
        "flake-parts": "flake-parts",
        "nix-gaming": [
          "nix-gaming"
        ],
        "nix-github-actions": "nix-github-actions_2",
        "nixpkgs": "nixpkgs_2",
        "systems": "systems",
        "treefmt-nix": "treefmt-nix"
      },
      "locked": {
        "lastModified": 1752753038,
        "narHash": "sha256-ynUTQPi90RKnUIabWLrS7EA6xVIWNOiuYJsyEi29D7k=",
        "owner": "LovingMelody",
        "repo": "nix-citizen",
        "rev": "77cb02e0ea1bb9f67a8afd5399d848c9c3902ec4",
        "type": "github"
      },
      "original": {
        "owner": "LovingMelody",
        "repo": "nix-citizen",
        "type": "github"
      }
    },
    "nix-flatpak": {
      "locked": {
        "lastModified": 1751276396,
        "narHash": "sha256-oOYrnKStMsOXST+wKnzuSZ49h8Dr1Q3mIn2f5Kb5GAw=",
        "owner": "gmodena",
        "repo": "nix-flatpak",
        "rev": "59adb9ad1cbd915494fc35cd0e0a9d582ca9de74",
        "type": "github"
      },
      "original": {
        "owner": "gmodena",
        "repo": "nix-flatpak",
        "type": "github"
      }
    },
    "nix-gaming": {
      "inputs": {
        "flake-parts": "flake-parts_2",
        "nixpkgs": "nixpkgs_3"
      },
      "locked": {
        "lastModified": 1752832532,
        "narHash": "sha256-YvQ6sjTxS+cw+w8fhEL41vAC28q4sB0vT77uhzQ1eOA=",
        "owner": "fufexan",
        "repo": "nix-gaming",
        "rev": "4e113d7f833a78a54a35dfc5514a89e5e7c78d4f",
        "type": "github"
      },
      "original": {
        "owner": "fufexan",
        "repo": "nix-gaming",
        "type": "github"
      }
    },
    "nix-github-actions": {
      "inputs": {
        "nixpkgs": [
          "chaotic",
          "jovian",
          "nixpkgs"
        ]
      },
      "locked": {
        "lastModified": 1729697500,
        "narHash": "sha256-VFTWrbzDlZyFHHb1AlKRiD/qqCJIripXKiCSFS8fAOY=",
        "owner": "zhaofengli",
        "repo": "nix-github-actions",
        "rev": "e418aeb728b6aa5ca8c5c71974e7159c2df1d8cf",
        "type": "github"
      },
      "original": {
        "owner": "zhaofengli",
        "ref": "matrix-name",
        "repo": "nix-github-actions",
        "type": "github"
      }
    },
    "nix-github-actions_2": {
      "inputs": {
        "nixpkgs": [
          "nix-citizen",
          "nixpkgs"
        ]
      },
      "locked": {
        "lastModified": 1737420293,
        "narHash": "sha256-F1G5ifvqTpJq7fdkT34e/Jy9VCyzd5XfJ9TO8fHhJWE=",
        "owner": "nix-community",
        "repo": "nix-github-actions",
        "rev": "f4158fa080ef4503c8f4c820967d946c2af31ec9",
        "type": "github"
      },
      "original": {
        "owner": "nix-community",
        "repo": "nix-github-actions",
        "type": "github"
      }
    },
    "nix-proton-cachyos": {
      "inputs": {
        "nixpkgs": "nixpkgs_4"
      },
      "locked": {
        "lastModified": 1751092802,
        "narHash": "sha256-Lw+mtMUITxSOIw6zytqVmM7Vg/qVm0UipDbn3zAt6HE=",
        "owner": "jbgi",
        "repo": "nix-proton-cachyos",
        "rev": "6c5953c3dac52fd5ae253fd004daf7d2a32fdf86",
        "type": "github"
      },
      "original": {
        "owner": "jbgi",
        "repo": "nix-proton-cachyos",
        "type": "github"
      }
    },
    "nix-vscode-extensions": {
      "inputs": {
        "flake-utils": "flake-utils",
        "nixpkgs": "nixpkgs_5"
      },
      "locked": {
        "lastModified": 1752804855,
        "narHash": "sha256-aCj2BTMcWJHfCLFoPuxoe/XDJ7ZdG0X+uQQC9JOMyvk=",
        "owner": "nix-community",
        "repo": "nix-vscode-extensions",
        "rev": "efe367b3446e8d53535afc164280eaed2cebb10d",
        "type": "github"
      },
      "original": {
        "owner": "nix-community",
        "repo": "nix-vscode-extensions",
        "type": "github"
      }
    },
    "nixpkgs": {
      "locked": {
        "lastModified": 1752480373,
        "narHash": "sha256-JHQbm+OcGp32wAsXTE/FLYGNpb+4GLi5oTvCxwSoBOA=",
        "owner": "NixOS",
        "repo": "nixpkgs",
        "rev": "62e0f05ede1da0d54515d4ea8ce9c733f12d9f08",
        "type": "github"
      },
      "original": {
        "owner": "NixOS",
        "ref": "nixos-unstable",
        "repo": "nixpkgs",
        "type": "github"
      }
    },
    "nixpkgs-lib": {
      "locked": {
        "lastModified": 1751159883,
        "narHash": "sha256-urW/Ylk9FIfvXfliA1ywh75yszAbiTEVgpPeinFyVZo=",
        "owner": "nix-community",
        "repo": "nixpkgs.lib",
        "rev": "14a40a1d7fb9afa4739275ac642ed7301a9ba1ab",
        "type": "github"
      },
      "original": {
        "owner": "nix-community",
        "repo": "nixpkgs.lib",
        "type": "github"
      }
    },
    "nixpkgs-lib_2": {
      "locked": {
        "lastModified": 1738452942,
        "narHash": "sha256-vJzFZGaCpnmo7I6i416HaBLpC+hvcURh/BQwROcGIp8=",
        "type": "tarball",
        "url": "https://github.com/NixOS/nixpkgs/archive/072a6db25e947df2f31aab9eccd0ab75d5b2da11.tar.gz"
      },
      "original": {
        "type": "tarball",
        "url": "https://github.com/NixOS/nixpkgs/archive/072a6db25e947df2f31aab9eccd0ab75d5b2da11.tar.gz"
      }
    },
    "nixpkgs_2": {
      "locked": {
        "lastModified": 1752480373,
        "narHash": "sha256-JHQbm+OcGp32wAsXTE/FLYGNpb+4GLi5oTvCxwSoBOA=",
        "owner": "NixOS",
        "repo": "nixpkgs",
        "rev": "62e0f05ede1da0d54515d4ea8ce9c733f12d9f08",
        "type": "github"
      },
      "original": {
        "owner": "NixOS",
        "ref": "nixos-unstable",
        "repo": "nixpkgs",
        "type": "github"
      }
    },
    "nixpkgs_3": {
      "locked": {
        "lastModified": 1752012998,
        "narHash": "sha256-Q82Ms+FQmgOBkdoSVm+FBpuFoeUAffNerR5yVV7SgT8=",
        "owner": "NixOS",
        "repo": "nixpkgs",
        "rev": "2a2130494ad647f953593c4e84ea4df839fbd68c",
        "type": "github"
      },
      "original": {
        "owner": "NixOS",
        "ref": "nixpkgs-unstable",
        "repo": "nixpkgs",
        "type": "github"
      }
    },
    "nixpkgs_4": {
      "locked": {
        "lastModified": 1730272153,
        "narHash": "sha256-B5WRZYsRlJgwVHIV6DvidFN7VX7Fg9uuwkRW9Ha8z+w=",
        "owner": "nixos",
        "repo": "nixpkgs",
        "rev": "2d2a9ddbe3f2c00747398f3dc9b05f7f2ebb0f53",
        "type": "github"
      },
      "original": {
        "owner": "nixos",
        "ref": "nixpkgs-unstable",
        "repo": "nixpkgs",
        "type": "github"
      }
    },
    "nixpkgs_5": {
      "locked": {
        "lastModified": 1744868846,
        "narHash": "sha256-5RJTdUHDmj12Qsv7XOhuospjAjATNiTMElplWnJE9Hs=",
        "owner": "NixOS",
        "repo": "nixpkgs",
        "rev": "ebe4301cbd8f81c4f8d3244b3632338bbeb6d49c",
        "type": "github"
      },
      "original": {
        "owner": "NixOS",
        "repo": "nixpkgs",
        "rev": "ebe4301cbd8f81c4f8d3244b3632338bbeb6d49c",
        "type": "github"
      }
    },
    "nixpkgs_6": {
      "locked": {
        "lastModified": 1752480373,
        "narHash": "sha256-JHQbm+OcGp32wAsXTE/FLYGNpb+4GLi5oTvCxwSoBOA=",
        "owner": "nixos",
        "repo": "nixpkgs",
        "rev": "62e0f05ede1da0d54515d4ea8ce9c733f12d9f08",
        "type": "github"
      },
      "original": {
        "owner": "nixos",
        "ref": "nixos-unstable",
        "repo": "nixpkgs",
        "type": "github"
      }
    },
    "root": {
      "inputs": {
        "chaotic": "chaotic",
        "disko": "disko",
        "home-manager": "home-manager_2",
        "impermanence": "impermanence",
        "just-one-more-repo": "just-one-more-repo",
        "nix-citizen": "nix-citizen",
        "nix-flatpak": "nix-flatpak",
        "nix-gaming": "nix-gaming",
        "nix-proton-cachyos": "nix-proton-cachyos",
        "nix-vscode-extensions": "nix-vscode-extensions",
        "nixpkgs": "nixpkgs_6",
        "ucodenix": "ucodenix",
        "wayland-pipewire-idle-inhibit": "wayland-pipewire-idle-inhibit",
        "zen-browser": "zen-browser"
      }
    },
    "rust-overlay": {
      "inputs": {
        "nixpkgs": [
          "chaotic",
          "nixpkgs"
        ]
      },
      "locked": {
        "lastModified": 1752374969,
        "narHash": "sha256-Ky3ynEkJXih7mvWyt9DWoiSiZGqPeHLU1tlBU4b0mcc=",
        "owner": "oxalica",
        "repo": "rust-overlay",
        "rev": "75fb000638e6d0f57cb1e8b7a4550cbdd8c76f1d",
        "type": "github"
      },
      "original": {
        "owner": "oxalica",
        "repo": "rust-overlay",
        "type": "github"
      }
    },
    "systems": {
      "locked": {
        "lastModified": 1681028828,
        "narHash": "sha256-Vy1rq5AaRuLzOxct8nz4T6wlgyUR7zLU309k9mBC768=",
        "owner": "nix-systems",
        "repo": "default",
        "rev": "da67096a3b9bf56a91d16901293e51ba5b49a27e",
        "type": "github"
      },
      "original": {
        "owner": "nix-systems",
        "repo": "default",
        "type": "github"
      }
    },
    "systems_2": {
      "locked": {
        "lastModified": 1681028828,
        "narHash": "sha256-Vy1rq5AaRuLzOxct8nz4T6wlgyUR7zLU309k9mBC768=",
        "owner": "nix-systems",
        "repo": "default",
        "rev": "da67096a3b9bf56a91d16901293e51ba5b49a27e",
        "type": "github"
      },
      "original": {
        "owner": "nix-systems",
        "repo": "default",
        "type": "github"
      }
    },
    "systems_3": {
      "locked": {
        "lastModified": 1689347949,
        "narHash": "sha256-12tWmuL2zgBgZkdoB6qXZsgJEH9LR3oUgpaQq2RbI80=",
        "owner": "nix-systems",
        "repo": "default-linux",
        "rev": "31732fcf5e8fea42e59c2488ad31a0e651500f68",
        "type": "github"
      },
      "original": {
        "owner": "nix-systems",
        "repo": "default-linux",
        "type": "github"
      }
    },
    "treefmt-nix": {
      "inputs": {
        "nixpkgs": [
          "nix-citizen",
          "nixpkgs"
        ]
      },
      "locked": {
        "lastModified": 1752055615,
        "narHash": "sha256-19m7P4O/Aw/6+CzncWMAJu89JaKeMh3aMle1CNQSIwM=",
        "owner": "numtide",
        "repo": "treefmt-nix",
        "rev": "c9d477b5d5bd7f26adddd3f96cfd6a904768d4f9",
        "type": "github"
      },
      "original": {
        "owner": "numtide",
        "repo": "treefmt-nix",
        "type": "github"
      }
    },
    "treefmt-nix_2": {
      "inputs": {
        "nixpkgs": [
          "wayland-pipewire-idle-inhibit",
          "nixpkgs"
        ]
      },
      "locked": {
        "lastModified": 1738953846,
        "narHash": "sha256-yrK3Hjcr8F7qS/j2F+r7C7o010eVWWlm4T1PrbKBOxQ=",
        "owner": "numtide",
        "repo": "treefmt-nix",
        "rev": "4f09b473c936d41582dd744e19f34ec27592c5fd",
        "type": "github"
      },
      "original": {
        "owner": "numtide",
        "repo": "treefmt-nix",
        "type": "github"
      }
    },
    "ucodenix": {
      "inputs": {
        "cpu-microcodes": "cpu-microcodes"
      },
      "locked": {
        "lastModified": 1752460682,
        "narHash": "sha256-RFumKkvItzZXyYdeHdt/bnDT+WjqvJV+QydNPs3xsSk=",
        "owner": "e-tho",
        "repo": "ucodenix",
        "rev": "12e349891a5c5695186b91a1678ad4eea6899e39",
        "type": "github"
      },
      "original": {
        "owner": "e-tho",
        "repo": "ucodenix",
        "type": "github"
      }
    },
    "wayland-pipewire-idle-inhibit": {
      "inputs": {
        "flake-parts": "flake-parts_3",
        "nixpkgs": [
          "nixpkgs"
        ],
        "systems": "systems_3",
        "treefmt-nix": "treefmt-nix_2"
      },
      "locked": {
        "lastModified": 1752610231,
        "narHash": "sha256-G/asHyXPlCLBvXZeAuVR1GRTK08rGAsO9ueuFFNwjMc=",
        "owner": "rafaelrc7",
        "repo": "wayland-pipewire-idle-inhibit",
        "rev": "4e88ff35018f2451df9b8a4fcdd98632fa04cd91",
        "type": "github"
      },
      "original": {
        "owner": "rafaelrc7",
        "repo": "wayland-pipewire-idle-inhibit",
        "type": "github"
      }
    },
    "zen-browser": {
      "inputs": {
        "home-manager": "home-manager_3",
        "nixpkgs": [
          "nixpkgs"
        ]
      },
      "locked": {
        "lastModified": 1752693471,
        "narHash": "sha256-Sov1NiQROlhMca+JFJcqfjo60l3LHORBwvDTo4QQcJ8=",
        "owner": "0xc000022070",
        "repo": "zen-browser-flake",
        "rev": "e7e3cdf01acd0cbcb65e870c27d4dfae25bc6f22",
        "type": "github"
      },
      "original": {
        "owner": "0xc000022070",
        "repo": "zen-browser-flake",
        "type": "github"
      }
    }
  },
  "root": "root",
  "version": 7
}
